<?xml version="1.0" encoding="utf-8"?>
<Project ToolsVersion="4.0" xmlns="http://schemas.microsoft.com/developer/msbuild/2003">
  <ItemGroup>
    <Filter Include="Engine">
      <UniqueIdentifier>{a8d0131e-eb50-44ac-848b-7a821ba71b21}</UniqueIdentifier>
    </Filter>
    <Filter Include="SampleScene">
      <UniqueIdentifier>{cb0c1b12-51a1-456e-88e6-82b04b889c68}</UniqueIdentifier>
    </Filter>
    <Filter Include="PVZ">
      <UniqueIdentifier>{656b759f-efb2-4f59-b546-0dd585a90074}</UniqueIdentifier>
    </Filter>
  </ItemGroup>
  <ItemGroup>
    <ClCompile Include="Entity.cpp">
      <Filter>Engine</Filter>
    </ClCompile>
    <ClCompile Include="GameManager.cpp">
      <Filter>Engine</Filter>
    </ClCompile>
    <ClCompile Include="Utils.cpp">
      <Filter>Engine</Filter>
    </ClCompile>
    <ClCompile Include="main.cpp" />
    <ClCompile Include="Debug.cpp">
      <Filter>Engine</Filter>
    </ClCompile>
    <ClCompile Include="Plant.cpp">
      <Filter>PVZ</Filter>
    </ClCompile>
    <ClCompile Include="Zombie.cpp">
      <Filter>PVZ</Filter>
    </ClCompile>
    <ClCompile Include="Projectile.cpp">
      <Filter>PVZ</Filter>
    </ClCompile>
    <ClCompile Include="Scene.cpp">
      <Filter>Engine</Filter>
    </ClCompile>
    <ClCompile Include="DummyEntity.cpp">
      <Filter>SampleScene</Filter>
    </ClCompile>
    <ClCompile Include="SampleScene.cpp">
      <Filter>SampleScene</Filter>
    </ClCompile>
    <ClCompile Include="PVZScene.cpp">
      <Filter>PVZ</Filter>
    </ClCompile>
  </ItemGroup>
  <ItemGroup>
    <ClInclude Include="Entity.h">
      <Filter>Engine</Filter>
    </ClInclude>
    <ClInclude Include="GameManager.h">
      <Filter>Engine</Filter>
    </ClInclude>
    <ClInclude Include="Utils.h">
      <Filter>Engine</Filter>
    </ClInclude>
    <ClInclude Include="Debug.h">
      <Filter>Engine</Filter>
    </ClInclude>
    <ClInclude Include="Plant.h">
      <Filter>PVZ</Filter>
    </ClInclude>
    <ClInclude Include="Zombie.h">
      <Filter>PVZ</Filter>
    </ClInclude>
    <ClInclude Include="Projectile.h">
      <Filter>PVZ</Filter>
    </ClInclude>
    <ClInclude Include="Scene.h">
      <Filter>Engine</Filter>
    </ClInclude>
    <ClInclude Include="DummyEntity.h">
      <Filter>SampleScene</Filter>
    </ClInclude>
    <ClInclude Include="SampleScene.h">
      <Filter>SampleScene</Filter>
    </ClInclude>
    <ClInclude Include="PVZScene.h">
      <Filter>PVZ</Filter>
    </ClInclude>
  </ItemGroup>
  <ItemGroup>
    <None Include="Scene.inl">
      <Filter>Engine</Filter>
    </None>
    <None Include="GameManager.inl">
      <Filter>Engine</Filter>
    </None>
    <None Include="Entity.inl">
      <Filter>Engine</Filter>
    </None>
  </ItemGroup>
</Project>